
Microsoft Visual Studio Solution File, Format Version 12.00
# Visual Studio 15
VisualStudioVersion = 15.0.28307.329
MinimumVisualStudioVersion = 10.0.40219.1
Project("{FAE04EC0-301F-11D3-BF4B-00C04F79EFBC}") = "RegexRetrieval", "RegexRetrieval\RegexRetrieval.csproj", "{D1192FEF-BF24-4F09-988C-19F6753981E4}"
EndProject
Project("{FAE04EC0-301F-11D3-BF4B-00C04F79EFBC}") = "RegexRetrieval.Cli", "RegexRetrieval.Cli\RegexRetrieval.Cli.csproj", "{3132B1B9-BEB0-4FC0-AB82-E7FE442C2FC1}"
	ProjectSection(ProjectDependencies) = postProject
		{D1192FEF-BF24-4F09-988C-19F6753981E4} = {D1192FEF-BF24-4F09-988C-19F6753981E4}
	EndProjectSection
EndProject
Project("{FAE04EC0-301F-11D3-BF4B-00C04F79EFBC}") = "Test", "Test\Test.csproj", "{53ED1EC2-F858-4C6F-9592-04E74085796A}"
	ProjectSection(ProjectDependencies) = postProject
		{D1192FEF-BF24-4F09-988C-19F6753981E4} = {D1192FEF-BF24-4F09-988C-19F6753981E4}
	EndProjectSection
EndProject
Global
	GlobalSection(SolutionConfigurationPlatforms) = preSolution
		Debug|Any CPU = Debug|Any CPU
		Release|Any CPU = Release|Any CPU
	EndGlobalSection
	GlobalSection(ProjectConfigurationPlatforms) = postSolution
		{D1192FEF-BF24-4F09-988C-19F6753981E4}.Debug|Any CPU.ActiveCfg = Debug|Any CPU
		{D1192FEF-BF24-4F09-988C-19F6753981E4}.Debug|Any CPU.Build.0 = Debug|Any CPU
		{D1192FEF-BF24-4F09-988C-19F6753981E4}.Release|Any CPU.ActiveCfg = Release|Any CPU
		{D1192FEF-BF24-4F09-988C-19F6753981E4}.Release|Any CPU.Build.0 = Release|Any CPU
		{3132B1B9-BEB0-4FC0-AB82-E7FE442C2FC1}.Debug|Any CPU.ActiveCfg = Debug|Any CPU
		{3132B1B9-BEB0-4FC0-AB82-E7FE442C2FC1}.Debug|Any CPU.Build.0 = Debug|Any CPU
		{3132B1B9-BEB0-4FC0-AB82-E7FE442C2FC1}.Release|Any CPU.ActiveCfg = Release|Any CPU
		{3132B1B9-BEB0-4FC0-AB82-E7FE442C2FC1}.Release|Any CPU.Build.0 = Release|Any CPU
		{53ED1EC2-F858-4C6F-9592-04E74085796A}.Debug|Any CPU.ActiveCfg = Debug|Any CPU
		{53ED1EC2-F858-4C6F-9592-04E74085796A}.Debug|Any CPU.Build.0 = Debug|Any CPU
		{53ED1EC2-F858-4C6F-9592-04E74085796A}.Release|Any CPU.ActiveCfg = Release|Any CPU
		{53ED1EC2-F858-4C6F-9592-04E74085796A}.Release|Any CPU.Build.0 = Release|Any CPU
	EndGlobalSection
	GlobalSection(SolutionProperties) = preSolution
		HideSolutionNode = FALSE
	EndGlobalSection
	GlobalSection(ExtensibilityGlobals) = postSolution
		SolutionGuid = {FFF3AAFC-58F4-47CE-A43B-24EB326AFD43}
	EndGlobalSection
EndGlobal
